{
  "object": {
    "pins": [
      {
        "package": "MPath",
        "repositoryURL": "https://github.com/danramteke/MPath.git",
        "state": {
          "branch": null,
          "revision": "02ac4eac7d9165ca50409aea7866e676d3b88139",
          "version": "0.9.8"
        }
      },
      {
        "package": "Rainbow",
        "repositoryURL": "https://github.com/onevcat/Rainbow.git",
        "state": {
          "branch": null,
          "revision": "626c3d4b6b55354b4af3aa309f998fae9b31a3d9",
          "version": "3.2.0"
        }
      },
      {
        "package": "swift-argument-parser",
        "repositoryURL": "https://github.com/apple/swift-argument-parser",
        "state": {
          "branch": null,
          "revision": "986d191f94cec88f6350056da59c2e59e83d1229",
          "version": "0.4.3"
        }
      }
    ]
  },
  "version": 1
}
