{
  "object": {
    "pins": [
      {
        "package": "MPath",
        "repositoryURL": "https://github.com/danramteke/MPath.git",
        "state": {
          "branch": null,
          "revision": "c6e93f8e4ba5415bdbb82c18a0b6d44959eeb66a",
          "version": "0.9.7"
        }
      },
      {
        "package": "Rainbow",
        "repositoryURL": "https://github.com/onevcat/Rainbow.git",
        "state": {
          "branch": null,
          "revision": "626c3d4b6b55354b4af3aa309f998fae9b31a3d9",
          "version": "3.2.0"
        }
      },
      {
        "package": "swift-argument-parser",
        "repositoryURL": "https://github.com/apple/swift-argument-parser",
        "state": {
          "branch": null,
          "revision": "986d191f94cec88f6350056da59c2e59e83d1229",
          "version": "0.4.3"
        }
      },
      {
        "package": "Version",
        "repositoryURL": "https://github.com/mxcl/Version.git",
        "state": {
          "branch": null,
          "revision": "200046c93f6d5d78a6d72bfd9c0b27a95e9c0a2b",
          "version": "1.2.0"
        }
      }
    ]
  },
  "version": 1
}
